
Microsoft Visual Studio Solution File, Format Version 12.00
# Visual Studio Version 17
VisualStudioVersion = 17.11.35327.3
MinimumVisualStudioVersion = 10.0.40219.1
Project("{FAE04EC0-301F-11D3-BF4B-00C04F79EFBC}") = "presentacion", "presentacion\presentacion.csproj", "{897734FE-B29D-4032-96DA-8C7D6CB88D45}"
EndProject
Project("{FAE04EC0-301F-11D3-BF4B-00C04F79EFBC}") = "dominio", "dominio\dominio.csproj", "{FEAFF3BF-BBD7-420B-BC70-F855714DC4B5}"
EndProject
Project("{FAE04EC0-301F-11D3-BF4B-00C04F79EFBC}") = "negocio", "negocio\negocio.csproj", "{81DB04B9-CBDD-4B03-AEE9-EA6AA564B0C5}"
EndProject
Global
	GlobalSection(SolutionConfigurationPlatforms) = preSolution
		Debug|Any CPU = Debug|Any CPU
		Release|Any CPU = Release|Any CPU
	EndGlobalSection
	GlobalSection(ProjectConfigurationPlatforms) = postSolution
		{897734FE-B29D-4032-96DA-8C7D6CB88D45}.Debug|Any CPU.ActiveCfg = Debug|Any CPU
		{897734FE-B29D-4032-96DA-8C7D6CB88D45}.Debug|Any CPU.Build.0 = Debug|Any CPU
		{897734FE-B29D-4032-96DA-8C7D6CB88D45}.Release|Any CPU.ActiveCfg = Release|Any CPU
		{897734FE-B29D-4032-96DA-8C7D6CB88D45}.Release|Any CPU.Build.0 = Release|Any CPU
		{FEAFF3BF-BBD7-420B-BC70-F855714DC4B5}.Debug|Any CPU.ActiveCfg = Debug|Any CPU
		{FEAFF3BF-BBD7-420B-BC70-F855714DC4B5}.Debug|Any CPU.Build.0 = Debug|Any CPU
		{FEAFF3BF-BBD7-420B-BC70-F855714DC4B5}.Release|Any CPU.ActiveCfg = Release|Any CPU
		{FEAFF3BF-BBD7-420B-BC70-F855714DC4B5}.Release|Any CPU.Build.0 = Release|Any CPU
		{81DB04B9-CBDD-4B03-AEE9-EA6AA564B0C5}.Debug|Any CPU.ActiveCfg = Debug|Any CPU
		{81DB04B9-CBDD-4B03-AEE9-EA6AA564B0C5}.Debug|Any CPU.Build.0 = Debug|Any CPU
		{81DB04B9-CBDD-4B03-AEE9-EA6AA564B0C5}.Release|Any CPU.ActiveCfg = Release|Any CPU
		{81DB04B9-CBDD-4B03-AEE9-EA6AA564B0C5}.Release|Any CPU.Build.0 = Release|Any CPU
	EndGlobalSection
	GlobalSection(SolutionProperties) = preSolution
		HideSolutionNode = FALSE
	EndGlobalSection
	GlobalSection(ExtensibilityGlobals) = postSolution
		SolutionGuid = {3C682156-CDA4-4077-93B2-F4774A7B16F0}
	EndGlobalSection
EndGlobal
